
Microsoft Visual Studio Solution File, Format Version 12.00
# Visual Studio Version 16
VisualStudioVersion = 16.0.29509.3
MinimumVisualStudioVersion = 10.0.40219.1
Project("{FAE04EC0-301F-11D3-BF4B-00C04F79EFBC}") = "WindowsFormsApp1", "WindowsFormsApp1\WindowsFormsApp1.csproj", "{C30B6541-D03E-4427-B27B-EE7BD5A03898}"
EndProject
Global
	GlobalSection(SolutionConfigurationPlatforms) = preSolution
		Debug|Any CPU = Debug|Any CPU
		Release|Any CPU = Release|Any CPU
	EndGlobalSection
	GlobalSection(ProjectConfigurationPlatforms) = postSolution
		{C30B6541-D03E-4427-B27B-EE7BD5A03898}.Debug|Any CPU.ActiveCfg = Debug|Any CPU
		{C30B6541-D03E-4427-B27B-EE7BD5A03898}.Debug|Any CPU.Build.0 = Debug|Any CPU
		{C30B6541-D03E-4427-B27B-EE7BD5A03898}.Release|Any CPU.ActiveCfg = Release|Any CPU
		{C30B6541-D03E-4427-B27B-EE7BD5A03898}.Release|Any CPU.Build.0 = Release|Any CPU
	EndGlobalSection
	GlobalSection(SolutionProperties) = preSolution
		HideSolutionNode = FALSE
	EndGlobalSection
	GlobalSection(ExtensibilityGlobals) = postSolution
		SolutionGuid = {A6A4647F-163A-4ECA-B706-306977B43D46}
	EndGlobalSection
EndGlobal
